
Microsoft Visual Studio Solution File, Format Version 12.00
# Visual Studio Version 16
VisualStudioVersion = 16.0.30114.105
MinimumVisualStudioVersion = 10.0.40219.1
Project("{2150E333-8FDC-42A3-9474-1A3956D46DE8}") = "src", "src", "{152A22D6-435C-4CE2-87DE-138F42F885AD}"
EndProject
Project("{9A19103F-16F7-4668-BE54-9A1E7A4F7556}") = "AbstractSyntaxTrees", "AbstractSyntaxTrees\AbstractSyntaxTrees.csproj", "{32EA15F2-B2ED-4578-A9EB-4CD137D02B0B}"
EndProject
Project("{9A19103F-16F7-4668-BE54-9A1E7A4F7556}") = "Demo", "Demo\Demo.csproj", "{C6D00A33-9DDB-4907-9D04-B33826089094}"
EndProject
Project("{FAE04EC0-301F-11D3-BF4B-00C04F79EFBC}") = "Parsing", "Parsing\Parsing.csproj", "{0384BD3C-E8A5-4B84-B299-F20507706C88}"
EndProject
Project("{FAE04EC0-301F-11D3-BF4B-00C04F79EFBC}") = "Lexing", "Lexing\Lexing.csproj", "{2337C8E5-BFF2-4A71-8929-0E97746B63B0}"
EndProject
Global
	GlobalSection(SolutionConfigurationPlatforms) = preSolution
		Debug|Any CPU = Debug|Any CPU
		Debug|x64 = Debug|x64
		Debug|x86 = Debug|x86
		Release|Any CPU = Release|Any CPU
		Release|x64 = Release|x64
		Release|x86 = Release|x86
	EndGlobalSection
	GlobalSection(ProjectConfigurationPlatforms) = postSolution
		{32EA15F2-B2ED-4578-A9EB-4CD137D02B0B}.Debug|Any CPU.ActiveCfg = Debug|Any CPU
		{32EA15F2-B2ED-4578-A9EB-4CD137D02B0B}.Debug|Any CPU.Build.0 = Debug|Any CPU
		{32EA15F2-B2ED-4578-A9EB-4CD137D02B0B}.Debug|x64.ActiveCfg = Debug|Any CPU
		{32EA15F2-B2ED-4578-A9EB-4CD137D02B0B}.Debug|x64.Build.0 = Debug|Any CPU
		{32EA15F2-B2ED-4578-A9EB-4CD137D02B0B}.Debug|x86.ActiveCfg = Debug|Any CPU
		{32EA15F2-B2ED-4578-A9EB-4CD137D02B0B}.Debug|x86.Build.0 = Debug|Any CPU
		{32EA15F2-B2ED-4578-A9EB-4CD137D02B0B}.Release|Any CPU.ActiveCfg = Release|Any CPU
		{32EA15F2-B2ED-4578-A9EB-4CD137D02B0B}.Release|Any CPU.Build.0 = Release|Any CPU
		{32EA15F2-B2ED-4578-A9EB-4CD137D02B0B}.Release|x64.ActiveCfg = Release|Any CPU
		{32EA15F2-B2ED-4578-A9EB-4CD137D02B0B}.Release|x64.Build.0 = Release|Any CPU
		{32EA15F2-B2ED-4578-A9EB-4CD137D02B0B}.Release|x86.ActiveCfg = Release|Any CPU
		{32EA15F2-B2ED-4578-A9EB-4CD137D02B0B}.Release|x86.Build.0 = Release|Any CPU
		{C6D00A33-9DDB-4907-9D04-B33826089094}.Debug|Any CPU.ActiveCfg = Debug|Any CPU
		{C6D00A33-9DDB-4907-9D04-B33826089094}.Debug|Any CPU.Build.0 = Debug|Any CPU
		{C6D00A33-9DDB-4907-9D04-B33826089094}.Debug|x64.ActiveCfg = Debug|Any CPU
		{C6D00A33-9DDB-4907-9D04-B33826089094}.Debug|x64.Build.0 = Debug|Any CPU
		{C6D00A33-9DDB-4907-9D04-B33826089094}.Debug|x86.ActiveCfg = Debug|Any CPU
		{C6D00A33-9DDB-4907-9D04-B33826089094}.Debug|x86.Build.0 = Debug|Any CPU
		{C6D00A33-9DDB-4907-9D04-B33826089094}.Release|Any CPU.ActiveCfg = Release|Any CPU
		{C6D00A33-9DDB-4907-9D04-B33826089094}.Release|Any CPU.Build.0 = Release|Any CPU
		{C6D00A33-9DDB-4907-9D04-B33826089094}.Release|x64.ActiveCfg = Release|Any CPU
		{C6D00A33-9DDB-4907-9D04-B33826089094}.Release|x64.Build.0 = Release|Any CPU
		{C6D00A33-9DDB-4907-9D04-B33826089094}.Release|x86.ActiveCfg = Release|Any CPU
		{C6D00A33-9DDB-4907-9D04-B33826089094}.Release|x86.Build.0 = Release|Any CPU
		{0384BD3C-E8A5-4B84-B299-F20507706C88}.Debug|Any CPU.ActiveCfg = Debug|Any CPU
		{0384BD3C-E8A5-4B84-B299-F20507706C88}.Debug|Any CPU.Build.0 = Debug|Any CPU
		{0384BD3C-E8A5-4B84-B299-F20507706C88}.Debug|x64.ActiveCfg = Debug|Any CPU
		{0384BD3C-E8A5-4B84-B299-F20507706C88}.Debug|x64.Build.0 = Debug|Any CPU
		{0384BD3C-E8A5-4B84-B299-F20507706C88}.Debug|x86.ActiveCfg = Debug|Any CPU
		{0384BD3C-E8A5-4B84-B299-F20507706C88}.Debug|x86.Build.0 = Debug|Any CPU
		{0384BD3C-E8A5-4B84-B299-F20507706C88}.Release|Any CPU.ActiveCfg = Release|Any CPU
		{0384BD3C-E8A5-4B84-B299-F20507706C88}.Release|Any CPU.Build.0 = Release|Any CPU
		{0384BD3C-E8A5-4B84-B299-F20507706C88}.Release|x64.ActiveCfg = Release|Any CPU
		{0384BD3C-E8A5-4B84-B299-F20507706C88}.Release|x64.Build.0 = Release|Any CPU
		{0384BD3C-E8A5-4B84-B299-F20507706C88}.Release|x86.ActiveCfg = Release|Any CPU
		{0384BD3C-E8A5-4B84-B299-F20507706C88}.Release|x86.Build.0 = Release|Any CPU
		{2337C8E5-BFF2-4A71-8929-0E97746B63B0}.Debug|Any CPU.ActiveCfg = Debug|Any CPU
		{2337C8E5-BFF2-4A71-8929-0E97746B63B0}.Debug|Any CPU.Build.0 = Debug|Any CPU
		{2337C8E5-BFF2-4A71-8929-0E97746B63B0}.Debug|x64.ActiveCfg = Debug|Any CPU
		{2337C8E5-BFF2-4A71-8929-0E97746B63B0}.Debug|x64.Build.0 = Debug|Any CPU
		{2337C8E5-BFF2-4A71-8929-0E97746B63B0}.Debug|x86.ActiveCfg = Debug|Any CPU
		{2337C8E5-BFF2-4A71-8929-0E97746B63B0}.Debug|x86.Build.0 = Debug|Any CPU
		{2337C8E5-BFF2-4A71-8929-0E97746B63B0}.Release|Any CPU.ActiveCfg = Release|Any CPU
		{2337C8E5-BFF2-4A71-8929-0E97746B63B0}.Release|Any CPU.Build.0 = Release|Any CPU
		{2337C8E5-BFF2-4A71-8929-0E97746B63B0}.Release|x64.ActiveCfg = Release|Any CPU
		{2337C8E5-BFF2-4A71-8929-0E97746B63B0}.Release|x64.Build.0 = Release|Any CPU
		{2337C8E5-BFF2-4A71-8929-0E97746B63B0}.Release|x86.ActiveCfg = Release|Any CPU
		{2337C8E5-BFF2-4A71-8929-0E97746B63B0}.Release|x86.Build.0 = Release|Any CPU
	EndGlobalSection
	GlobalSection(SolutionProperties) = preSolution
		HideSolutionNode = FALSE
	EndGlobalSection
	GlobalSection(NestedProjects) = preSolution
		{32EA15F2-B2ED-4578-A9EB-4CD137D02B0B} = {152A22D6-435C-4CE2-87DE-138F42F885AD}
		{C6D00A33-9DDB-4907-9D04-B33826089094} = {152A22D6-435C-4CE2-87DE-138F42F885AD}
		{0384BD3C-E8A5-4B84-B299-F20507706C88} = {152A22D6-435C-4CE2-87DE-138F42F885AD}
		{2337C8E5-BFF2-4A71-8929-0E97746B63B0} = {152A22D6-435C-4CE2-87DE-138F42F885AD}
	EndGlobalSection
	GlobalSection(ExtensibilityGlobals) = postSolution
		SolutionGuid = {7998FF4D-E96C-4030-9B20-1CB858ADF281}
	EndGlobalSection
EndGlobal
